
Microsoft Visual Studio Solution File, Format Version 12.00
# Visual Studio Version 16
VisualStudioVersion = 16.0.30114.105
MinimumVisualStudioVersion = 10.0.40219.1
Project("{2150E333-8FDC-42A3-9474-1A3956D46DE8}") = "src", "src", "{072FB275-8291-4979-B319-22237D5E7C6E}"
EndProject
Project("{9A19103F-16F7-4668-BE54-9A1E7A4F7556}") = "EventHorizon.Blazor.BabylonJS", "src\EventHorizon.Blazor.BabylonJS\EventHorizon.Blazor.BabylonJS.csproj", "{B835643B-1E3F-48A3-8B07-1E419B550F8B}"
EndProject
Project("{9A19103F-16F7-4668-BE54-9A1E7A4F7556}") = "EventHorizon.Game.Client", "src\EventHorizon.Game.Client\EventHorizon.Game.Client.csproj", "{834EDB5C-90B2-41B3-9E03-1A5D6E958F13}"
EndProject
Project("{9A19103F-16F7-4668-BE54-9A1E7A4F7556}") = "EventHorizon.Common", "src\EventHorizon.Common\EventHorizon.Common.csproj", "{177E69A8-E4F1-4BF3-ABA9-607E08E58C0C}"
EndProject
Project("{9A19103F-16F7-4668-BE54-9A1E7A4F7556}") = "EventHorizon.Observer", "src\EventHorizon.Observer\EventHorizon.Observer.csproj", "{69E43084-BF19-426F-8C67-3D7503B0E37E}"
EndProject
Project("{2150E333-8FDC-42A3-9474-1A3956D46DE8}") = "Solution Items", "Solution Items", "{5F2B4D0B-0C04-44DC-B9EB-C59688F01184}"
	ProjectSection(SolutionItems) = preProject
		.editorconfig = .editorconfig
		baget.env = baget.env
		readme.md = readme.md
	EndProjectSection
EndProject
Project("{2150E333-8FDC-42A3-9474-1A3956D46DE8}") = "Shared", "Shared", "{83FB871D-A07C-4875-A917-774E055914FE}"
EndProject
Project("{9A19103F-16F7-4668-BE54-9A1E7A4F7556}") = "EventHorizon.Html.Interop", "src\EventHorizon.Html.Interop\EventHorizon.Html.Interop.csproj", "{15285413-C074-47F7-ABFC-8513D80B0DF6}"
EndProject
Project("{9A19103F-16F7-4668-BE54-9A1E7A4F7556}") = "EventHorizon.Game.Client.Systems", "src\EventHorizon.Game.Client.Systems\EventHorizon.Game.Client.Systems.csproj", "{9A3CCF1F-7F18-4601-946C-07352632AE67}"
EndProject
Project("{9A19103F-16F7-4668-BE54-9A1E7A4F7556}") = "Blazor.BabylonJS.WASM", "src\Shared\_generated\Blazor.BabylonJS.WASM\Blazor.BabylonJS.WASM.csproj", "{BFE98142-5F3C-4E92-A5D6-BF4730BC0875}"
EndProject
Project("{2150E333-8FDC-42A3-9474-1A3956D46DE8}") = "SDK", "SDK", "{9C5C43B1-676C-4019-9642-2DC151537A40}"
EndProject
Project("{9A19103F-16F7-4668-BE54-9A1E7A4F7556}") = "EventHorizon.Game.Client.Scripts.SDK", "src\SDK\EventHorizon.Game.Client.Scripts.SDK\EventHorizon.Game.Client.Scripts.SDK.csproj", "{7806E2C5-DF36-4D83-B357-9EC1DD3E7E5E}"
EndProject
Project("{9A19103F-16F7-4668-BE54-9A1E7A4F7556}") = "EventHorizon.Game.Client.Scripts.SDK.Generator", "src\SDK\EventHorizon.Game.Client.Scripts.SDK.Generator\EventHorizon.Game.Client.Scripts.SDK.Generator.csproj", "{71CCA729-B1A0-4445-9CAA-52200F46FA44}"
EndProject
Project("{9A19103F-16F7-4668-BE54-9A1E7A4F7556}") = "EventHorizon.Game.Client.Engine.Gui.Api", "src\SDK\EventHorizon.Game.Client.Engine.Gui.Api\EventHorizon.Game.Client.Engine.Gui.Api.csproj", "{28BC0042-173F-419C-9770-6F03F0713A2C}"
EndProject
Project("{9A19103F-16F7-4668-BE54-9A1E7A4F7556}") = "EventHorizon.Game.Client.Core.Api", "src\SDK\EventHorizon.Game.Client.Core.Api\EventHorizon.Game.Client.Core.Api.csproj", "{FE44A72B-0314-4227-87B8-780CE7E98E5C}"
EndProject
Project("{9A19103F-16F7-4668-BE54-9A1E7A4F7556}") = "EventHorizon.Game.Client.Engine.Api", "src\SDK\EventHorizon.Game.Client.Engine.Api\EventHorizon.Game.Client.Engine.Api.csproj", "{7E127977-F1C4-4CD0-9300-7A9BAD3390F4}"
EndProject
Project("{2150E333-8FDC-42A3-9474-1A3956D46DE8}") = "Server", "Server", "{FCA4985C-A237-495E-856D-1734249DA5E5}"
EndProject
Project("{9A19103F-16F7-4668-BE54-9A1E7A4F7556}") = "EventHorizon.Game.Client.Systems.Api", "src\SDK\EventHorizon.Game.Client.Systems.Api\EventHorizon.Game.Client.Systems.Api.csproj", "{B9F0908B-B7E3-44E2-B8D4-2C08B3524422}"
EndProject
Project("{FAE04EC0-301F-11D3-BF4B-00C04F79EFBC}") = "EventHorizon.Game.Server.Api", "src\SDK\Server\EventHorizon.Game.Server.Api\EventHorizon.Game.Server.Api.csproj", "{21BBC196-55C2-46C5-A6C1-ABFDF312A362}"
EndProject
Project("{2150E333-8FDC-42A3-9474-1A3956D46DE8}") = "Server", "Server", "{F618DF54-0226-45C8-B06D-145C462D9570}"
EndProject
Project("{FAE04EC0-301F-11D3-BF4B-00C04F79EFBC}") = "EventHorizon.Game.Server", "src\Server\EventHorizon.Game.Server\EventHorizon.Game.Server.csproj", "{4B559D52-FD1B-42B1-8410-473DD8930537}"
EndProject
Global
	GlobalSection(SolutionConfigurationPlatforms) = preSolution
		Debug|Any CPU = Debug|Any CPU
		Release|Any CPU = Release|Any CPU
	EndGlobalSection
	GlobalSection(ProjectConfigurationPlatforms) = postSolution
		{B835643B-1E3F-48A3-8B07-1E419B550F8B}.Debug|Any CPU.ActiveCfg = Debug|Any CPU
		{B835643B-1E3F-48A3-8B07-1E419B550F8B}.Debug|Any CPU.Build.0 = Debug|Any CPU
		{B835643B-1E3F-48A3-8B07-1E419B550F8B}.Release|Any CPU.ActiveCfg = Release|Any CPU
		{B835643B-1E3F-48A3-8B07-1E419B550F8B}.Release|Any CPU.Build.0 = Release|Any CPU
		{834EDB5C-90B2-41B3-9E03-1A5D6E958F13}.Debug|Any CPU.ActiveCfg = Debug|Any CPU
		{834EDB5C-90B2-41B3-9E03-1A5D6E958F13}.Debug|Any CPU.Build.0 = Debug|Any CPU
		{834EDB5C-90B2-41B3-9E03-1A5D6E958F13}.Release|Any CPU.ActiveCfg = Release|Any CPU
		{834EDB5C-90B2-41B3-9E03-1A5D6E958F13}.Release|Any CPU.Build.0 = Release|Any CPU
		{177E69A8-E4F1-4BF3-ABA9-607E08E58C0C}.Debug|Any CPU.ActiveCfg = Debug|Any CPU
		{177E69A8-E4F1-4BF3-ABA9-607E08E58C0C}.Debug|Any CPU.Build.0 = Debug|Any CPU
		{177E69A8-E4F1-4BF3-ABA9-607E08E58C0C}.Release|Any CPU.ActiveCfg = Release|Any CPU
		{177E69A8-E4F1-4BF3-ABA9-607E08E58C0C}.Release|Any CPU.Build.0 = Release|Any CPU
		{69E43084-BF19-426F-8C67-3D7503B0E37E}.Debug|Any CPU.ActiveCfg = Debug|Any CPU
		{69E43084-BF19-426F-8C67-3D7503B0E37E}.Debug|Any CPU.Build.0 = Debug|Any CPU
		{69E43084-BF19-426F-8C67-3D7503B0E37E}.Release|Any CPU.ActiveCfg = Release|Any CPU
		{69E43084-BF19-426F-8C67-3D7503B0E37E}.Release|Any CPU.Build.0 = Release|Any CPU
		{15285413-C074-47F7-ABFC-8513D80B0DF6}.Debug|Any CPU.ActiveCfg = Debug|Any CPU
		{15285413-C074-47F7-ABFC-8513D80B0DF6}.Debug|Any CPU.Build.0 = Debug|Any CPU
		{15285413-C074-47F7-ABFC-8513D80B0DF6}.Release|Any CPU.ActiveCfg = Release|Any CPU
		{15285413-C074-47F7-ABFC-8513D80B0DF6}.Release|Any CPU.Build.0 = Release|Any CPU
		{9A3CCF1F-7F18-4601-946C-07352632AE67}.Debug|Any CPU.ActiveCfg = Debug|Any CPU
		{9A3CCF1F-7F18-4601-946C-07352632AE67}.Debug|Any CPU.Build.0 = Debug|Any CPU
		{9A3CCF1F-7F18-4601-946C-07352632AE67}.Release|Any CPU.ActiveCfg = Release|Any CPU
		{9A3CCF1F-7F18-4601-946C-07352632AE67}.Release|Any CPU.Build.0 = Release|Any CPU
		{BFE98142-5F3C-4E92-A5D6-BF4730BC0875}.Debug|Any CPU.ActiveCfg = Debug|Any CPU
		{BFE98142-5F3C-4E92-A5D6-BF4730BC0875}.Debug|Any CPU.Build.0 = Debug|Any CPU
		{BFE98142-5F3C-4E92-A5D6-BF4730BC0875}.Release|Any CPU.ActiveCfg = Release|Any CPU
		{BFE98142-5F3C-4E92-A5D6-BF4730BC0875}.Release|Any CPU.Build.0 = Release|Any CPU
		{7806E2C5-DF36-4D83-B357-9EC1DD3E7E5E}.Debug|Any CPU.ActiveCfg = Debug|Any CPU
		{7806E2C5-DF36-4D83-B357-9EC1DD3E7E5E}.Debug|Any CPU.Build.0 = Debug|Any CPU
		{7806E2C5-DF36-4D83-B357-9EC1DD3E7E5E}.Release|Any CPU.ActiveCfg = Release|Any CPU
		{7806E2C5-DF36-4D83-B357-9EC1DD3E7E5E}.Release|Any CPU.Build.0 = Release|Any CPU
		{71CCA729-B1A0-4445-9CAA-52200F46FA44}.Debug|Any CPU.ActiveCfg = Debug|Any CPU
		{71CCA729-B1A0-4445-9CAA-52200F46FA44}.Debug|Any CPU.Build.0 = Debug|Any CPU
		{71CCA729-B1A0-4445-9CAA-52200F46FA44}.Release|Any CPU.ActiveCfg = Release|Any CPU
		{71CCA729-B1A0-4445-9CAA-52200F46FA44}.Release|Any CPU.Build.0 = Release|Any CPU
		{28BC0042-173F-419C-9770-6F03F0713A2C}.Debug|Any CPU.ActiveCfg = Debug|Any CPU
		{28BC0042-173F-419C-9770-6F03F0713A2C}.Debug|Any CPU.Build.0 = Debug|Any CPU
		{28BC0042-173F-419C-9770-6F03F0713A2C}.Release|Any CPU.ActiveCfg = Release|Any CPU
		{28BC0042-173F-419C-9770-6F03F0713A2C}.Release|Any CPU.Build.0 = Release|Any CPU
		{FE44A72B-0314-4227-87B8-780CE7E98E5C}.Debug|Any CPU.ActiveCfg = Debug|Any CPU
		{FE44A72B-0314-4227-87B8-780CE7E98E5C}.Debug|Any CPU.Build.0 = Debug|Any CPU
		{FE44A72B-0314-4227-87B8-780CE7E98E5C}.Release|Any CPU.ActiveCfg = Release|Any CPU
		{FE44A72B-0314-4227-87B8-780CE7E98E5C}.Release|Any CPU.Build.0 = Release|Any CPU
		{7E127977-F1C4-4CD0-9300-7A9BAD3390F4}.Debug|Any CPU.ActiveCfg = Debug|Any CPU
		{7E127977-F1C4-4CD0-9300-7A9BAD3390F4}.Debug|Any CPU.Build.0 = Debug|Any CPU
		{7E127977-F1C4-4CD0-9300-7A9BAD3390F4}.Release|Any CPU.ActiveCfg = Release|Any CPU
		{7E127977-F1C4-4CD0-9300-7A9BAD3390F4}.Release|Any CPU.Build.0 = Release|Any CPU
		{B9F0908B-B7E3-44E2-B8D4-2C08B3524422}.Debug|Any CPU.ActiveCfg = Debug|Any CPU
		{B9F0908B-B7E3-44E2-B8D4-2C08B3524422}.Debug|Any CPU.Build.0 = Debug|Any CPU
		{B9F0908B-B7E3-44E2-B8D4-2C08B3524422}.Release|Any CPU.ActiveCfg = Release|Any CPU
		{B9F0908B-B7E3-44E2-B8D4-2C08B3524422}.Release|Any CPU.Build.0 = Release|Any CPU
		{21BBC196-55C2-46C5-A6C1-ABFDF312A362}.Debug|Any CPU.ActiveCfg = Debug|Any CPU
		{21BBC196-55C2-46C5-A6C1-ABFDF312A362}.Debug|Any CPU.Build.0 = Debug|Any CPU
		{21BBC196-55C2-46C5-A6C1-ABFDF312A362}.Release|Any CPU.ActiveCfg = Release|Any CPU
		{21BBC196-55C2-46C5-A6C1-ABFDF312A362}.Release|Any CPU.Build.0 = Release|Any CPU
		{4B559D52-FD1B-42B1-8410-473DD8930537}.Debug|Any CPU.ActiveCfg = Debug|Any CPU
		{4B559D52-FD1B-42B1-8410-473DD8930537}.Debug|Any CPU.Build.0 = Debug|Any CPU
		{4B559D52-FD1B-42B1-8410-473DD8930537}.Release|Any CPU.ActiveCfg = Release|Any CPU
		{4B559D52-FD1B-42B1-8410-473DD8930537}.Release|Any CPU.Build.0 = Release|Any CPU
	EndGlobalSection
	GlobalSection(SolutionProperties) = preSolution
		HideSolutionNode = FALSE
	EndGlobalSection
	GlobalSection(NestedProjects) = preSolution
		{B835643B-1E3F-48A3-8B07-1E419B550F8B} = {072FB275-8291-4979-B319-22237D5E7C6E}
		{834EDB5C-90B2-41B3-9E03-1A5D6E958F13} = {072FB275-8291-4979-B319-22237D5E7C6E}
		{177E69A8-E4F1-4BF3-ABA9-607E08E58C0C} = {072FB275-8291-4979-B319-22237D5E7C6E}
		{69E43084-BF19-426F-8C67-3D7503B0E37E} = {072FB275-8291-4979-B319-22237D5E7C6E}
		{83FB871D-A07C-4875-A917-774E055914FE} = {072FB275-8291-4979-B319-22237D5E7C6E}
		{15285413-C074-47F7-ABFC-8513D80B0DF6} = {83FB871D-A07C-4875-A917-774E055914FE}
		{9A3CCF1F-7F18-4601-946C-07352632AE67} = {072FB275-8291-4979-B319-22237D5E7C6E}
		{BFE98142-5F3C-4E92-A5D6-BF4730BC0875} = {83FB871D-A07C-4875-A917-774E055914FE}
		{9C5C43B1-676C-4019-9642-2DC151537A40} = {072FB275-8291-4979-B319-22237D5E7C6E}
		{7806E2C5-DF36-4D83-B357-9EC1DD3E7E5E} = {9C5C43B1-676C-4019-9642-2DC151537A40}
		{71CCA729-B1A0-4445-9CAA-52200F46FA44} = {9C5C43B1-676C-4019-9642-2DC151537A40}
		{28BC0042-173F-419C-9770-6F03F0713A2C} = {9C5C43B1-676C-4019-9642-2DC151537A40}
		{FE44A72B-0314-4227-87B8-780CE7E98E5C} = {9C5C43B1-676C-4019-9642-2DC151537A40}
		{7E127977-F1C4-4CD0-9300-7A9BAD3390F4} = {9C5C43B1-676C-4019-9642-2DC151537A40}
		{FCA4985C-A237-495E-856D-1734249DA5E5} = {9C5C43B1-676C-4019-9642-2DC151537A40}
		{B9F0908B-B7E3-44E2-B8D4-2C08B3524422} = {9C5C43B1-676C-4019-9642-2DC151537A40}
		{21BBC196-55C2-46C5-A6C1-ABFDF312A362} = {FCA4985C-A237-495E-856D-1734249DA5E5}
		{F618DF54-0226-45C8-B06D-145C462D9570} = {072FB275-8291-4979-B319-22237D5E7C6E}
		{4B559D52-FD1B-42B1-8410-473DD8930537} = {F618DF54-0226-45C8-B06D-145C462D9570}
	EndGlobalSection
	GlobalSection(ExtensibilityGlobals) = postSolution
		SolutionGuid = {9497D11D-7D24-4DE2-A904-0ADE224939B6}
	EndGlobalSection
EndGlobal
