
Microsoft Visual Studio Solution File, Format Version 12.00
# Visual Studio Version 16
VisualStudioVersion = 16.0.30709.64
MinimumVisualStudioVersion = 15.0.26124.0
Project("{2150E333-8FDC-42A3-9474-1A3956D46DE8}") = "Api", "Api", "{03AFEB8B-BAC2-40E9-B9AE-E705890A9938}"
EndProject
Project("{2150E333-8FDC-42A3-9474-1A3956D46DE8}") = "Client", "Client", "{2BC4F9EA-D165-4CEA-85FF-C0480CA99F55}"
EndProject
Project("{2150E333-8FDC-42A3-9474-1A3956D46DE8}") = "Core", "Core", "{20356181-C6CA-40FF-85A1-ADD4BF3FDC2E}"
EndProject
Project("{2150E333-8FDC-42A3-9474-1A3956D46DE8}") = "Server", "Server", "{7691AAAF-C68A-4745-A757-B45AED3836E3}"
EndProject
Project("{2150E333-8FDC-42A3-9474-1A3956D46DE8}") = "Shared", "Shared", "{DD12CDD1-298B-4D0C-B9B5-B38CD98C0656}"
EndProject
Project("{2150E333-8FDC-42A3-9474-1A3956D46DE8}") = "Zone", "Zone", "{A5D1ADDA-D8BF-4F85-93DB-25A0D9C22006}"
EndProject
Project("{2150E333-8FDC-42A3-9474-1A3956D46DE8}") = "_Solution Items", "_Solution Items", "{B6E43740-6A89-4BDD-BE79-D37EF1AA5294}"
	ProjectSection(SolutionItems) = preProject
		..\.dockerignore = ..\.dockerignore
		..\azure-pipelines.yml = ..\azure-pipelines.yml
		Directory.Build.props = Directory.Build.props
		Dockerfile = Dockerfile
		..\readme.md = ..\readme.md
	EndProjectSection
EndProject
Project("{2150E333-8FDC-42A3-9474-1A3956D46DE8}") = "GameClient", "GameClient", "{3B919482-9571-406F-A5E9-66F80EC3503C}"
EndProject
Project("{9A19103F-16F7-4668-BE54-9A1E7A4F7556}") = "EventHorizon.Game.Editor.Api", "Api\EventHorizon.Game.Editor.Api\EventHorizon.Game.Editor.Api.csproj", "{069F145D-9EB8-4636-9662-E4F0418E5263}"
EndProject
Project("{9A19103F-16F7-4668-BE54-9A1E7A4F7556}") = "EventHorizon.Game.Editor.Core", "Core\EventHorizon.Game.Editor.Core\EventHorizon.Game.Editor.Core.csproj", "{BD186647-720B-4ADA-B6DF-2CFD6D0E5ED3}"
EndProject
Project("{9A19103F-16F7-4668-BE54-9A1E7A4F7556}") = "EventHorizon.Game.Editor.Core.Api", "Core\EventHorizon.Game.Editor.Core.Api\EventHorizon.Game.Editor.Core.Api.csproj", "{C4933AF0-F639-46F3-B72F-269A3004480D}"
EndProject
Project("{9A19103F-16F7-4668-BE54-9A1E7A4F7556}") = "EventHorizon.Game.Editor.Server", "Server\EventHorizon.Game.Editor.Server.csproj", "{68B29F89-0A91-4A6E-8625-F3237CE2785D}"
EndProject
Project("{9A19103F-16F7-4668-BE54-9A1E7A4F7556}") = "EventHorizon.Game.Editor.Shared", "Shared\EventHorizon.Game.Editor.Shared.csproj", "{79A1D400-8AC9-44AC-ACDF-55875C29D67B}"
EndProject
Project("{9A19103F-16F7-4668-BE54-9A1E7A4F7556}") = "EventHorizon.Game.Editor.Zone", "Zone\EventHorizon.Game.Editor.Zone\EventHorizon.Game.Editor.Zone.csproj", "{2B3DE0DD-7B3C-4F77-8255-D765C7FA51E3}"
EndProject
Project("{9A19103F-16F7-4668-BE54-9A1E7A4F7556}") = "EventHorizon.Game.Editor.Zone.Api", "Zone\EventHorizon.Game.Editor.Zone.Api\EventHorizon.Game.Editor.Zone.Api.csproj", "{45E7C57E-8E48-434B-9E61-6B35F406D498}"
EndProject
Project("{9A19103F-16F7-4668-BE54-9A1E7A4F7556}") = "EventHorizon.Game.Client", "..\src\EventHorizon.Game.Client\EventHorizon.Game.Client.csproj", "{DF6ABCE0-135C-45DA-8A0B-483124108689}"
EndProject
Project("{9A19103F-16F7-4668-BE54-9A1E7A4F7556}") = "EventHorizon.Game.Client.Systems", "..\src\EventHorizon.Game.Client.Systems\EventHorizon.Game.Client.Systems.csproj", "{01340DA0-6F3F-4B65-BDDF-F407922A326E}"
EndProject
Project("{9A19103F-16F7-4668-BE54-9A1E7A4F7556}") = "EventHorizon.Observer", "..\src\EventHorizon.Observer\EventHorizon.Observer.csproj", "{00F946E4-BF97-4E9E-A841-E42CF47602CB}"
EndProject
Project("{9A19103F-16F7-4668-BE54-9A1E7A4F7556}") = "EventHorizon.Game.Editor.Client", "Client\EventHorizon.Game.Editor.Client.csproj", "{498AA244-F262-47E8-93A9-B5B95D3A3DD3}"
EndProject
Project("{9A19103F-16F7-4668-BE54-9A1E7A4F7556}") = "EventHorizon.Html.Interop", "..\src\EventHorizon.Html.Interop\EventHorizon.Html.Interop.csproj", "{F40ABA2F-9AB9-48AC-ABB2-4BE99BC99BB5}"
EndProject
Project("{9A19103F-16F7-4668-BE54-9A1E7A4F7556}") = "Blazor.BabylonJS.WASM", "..\src\Shared\_generated\Blazor.BabylonJS.WASM\Blazor.BabylonJS.WASM.csproj", "{DFCD43B3-A042-4307-B5B2-9622591C7C70}"
EndProject
Project("{9A19103F-16F7-4668-BE54-9A1E7A4F7556}") = "EventHorizon.Game.Client.Engine.Gui.Api", "..\src\SDK\EventHorizon.Game.Client.Engine.Gui.Api\EventHorizon.Game.Client.Engine.Gui.Api.csproj", "{50249819-55A6-498F-8A87-9A9C0FBF3A9C}"
EndProject
Project("{9A19103F-16F7-4668-BE54-9A1E7A4F7556}") = "EventHorizon.Common", "..\src\EventHorizon.Common\EventHorizon.Common.csproj", "{D00C8441-2108-416E-94C7-1A8A2C570C83}"
EndProject
Project("{9A19103F-16F7-4668-BE54-9A1E7A4F7556}") = "EventHorizon.Game.Client.Core.Api", "..\src\SDK\EventHorizon.Game.Client.Core.Api\EventHorizon.Game.Client.Core.Api.csproj", "{88E2BD1C-66F9-4599-B181-055A8628F104}"
EndProject
Project("{9A19103F-16F7-4668-BE54-9A1E7A4F7556}") = "EventHorizon.Game.Client.Engine.Api", "..\src\SDK\EventHorizon.Game.Client.Engine.Api\EventHorizon.Game.Client.Engine.Api.csproj", "{0FA36F70-DDE1-4022-991C-632F8AD914BB}"
EndProject
Project("{9A19103F-16F7-4668-BE54-9A1E7A4F7556}") = "EventHorizon.Game.Client.Scripts.SDK", "..\src\SDK\EventHorizon.Game.Client.Scripts.SDK\EventHorizon.Game.Client.Scripts.SDK.csproj", "{D43324DE-8378-4727-B771-DADFDCA5E2F2}"
EndProject
Project("{9A19103F-16F7-4668-BE54-9A1E7A4F7556}") = "EventHorizon.Game.Client.Systems.Api", "..\src\SDK\EventHorizon.Game.Client.Systems.Api\EventHorizon.Game.Client.Systems.Api.csproj", "{7A7D0835-D0CF-4D53-9FC9-8EDB99918148}"
EndProject
Project("{9A19103F-16F7-4668-BE54-9A1E7A4F7556}") = "EventHorizon.Game.Server.Api", "..\src\SDK\Server\EventHorizon.Game.Server.Api\EventHorizon.Game.Server.Api.csproj", "{E1DC5E0F-69B2-4F31-902E-F3B23CCE1DB7}"
EndProject
Project("{9A19103F-16F7-4668-BE54-9A1E7A4F7556}") = "EventHorizon.Game.Server", "..\src\Server\EventHorizon.Game.Server\EventHorizon.Game.Server.csproj", "{5ABFE5DD-C49C-4EE5-B987-3BACF26B0D78}"
EndProject
Project("{9A19103F-16F7-4668-BE54-9A1E7A4F7556}") = "EventHorizon.Platform.LogProvider", "..\src\EventHorizon.Platform.LogProvider\EventHorizon.Platform.LogProvider.csproj", "{D450D3BE-985B-408A-88D1-649AA4A383D0}"
EndProject
Project("{9A19103F-16F7-4668-BE54-9A1E7A4F7556}") = "EventHorizon.Connection.Shared", "..\src\EventHorizon.Connection.Shared\EventHorizon.Connection.Shared.csproj", "{85455769-447F-431D-AEAC-74EF748044EC}"
EndProject
Project("{9A19103F-16F7-4668-BE54-9A1E7A4F7556}") = "EventHorizon.ApplicationDetails.Component", "..\src\Shared\EventHorizon.ApplicationDetails.Component\EventHorizon.ApplicationDetails.Component.csproj", "{9BB4AC4F-2906-46C9-88C0-3B0EBBE4E67C}"
EndProject
Project("{2150E333-8FDC-42A3-9474-1A3956D46DE8}") = "Systems", "Systems", "{38D10542-679B-4943-BDE8-95D0C7217153}"
EndProject
Project("{9A19103F-16F7-4668-BE54-9A1E7A4F7556}") = "EventHorizon.Zone.Systems.Wizard", "Zone\Systems\EventHorizon.Zone.Systems.Wizard\EventHorizon.Zone.Systems.Wizard.csproj", "{7EF31ACF-AB3B-4651-9534-C8BC2B0A6169}"
EndProject
Project("{9A19103F-16F7-4668-BE54-9A1E7A4F7556}") = "EventHorizon.Zone.Systems.DataStorage", "Zone\Systems\EventHorizon.Zone.Systems.DataStorage\EventHorizon.Zone.Systems.DataStorage.csproj", "{48959B17-47B5-42B3-BC72-DE00C343795C}"
EndProject
Project("{2150E333-8FDC-42A3-9474-1A3956D46DE8}") = "Solution Items", "Solution Items", "{73C3FBAF-5D5A-434B-9E1B-FC93A09032D8}"
	ProjectSection(SolutionItems) = preProject
		.editorconfig = .editorconfig
	EndProjectSection
EndProject
Global
	GlobalSection(SolutionConfigurationPlatforms) = preSolution
		Debug|Any CPU = Debug|Any CPU
		Debug|x64 = Debug|x64
		Debug|x86 = Debug|x86
		Release|Any CPU = Release|Any CPU
		Release|x64 = Release|x64
		Release|x86 = Release|x86
	EndGlobalSection
	GlobalSection(ProjectConfigurationPlatforms) = postSolution
		{069F145D-9EB8-4636-9662-E4F0418E5263}.Debug|Any CPU.ActiveCfg = Debug|Any CPU
		{069F145D-9EB8-4636-9662-E4F0418E5263}.Debug|Any CPU.Build.0 = Debug|Any CPU
		{069F145D-9EB8-4636-9662-E4F0418E5263}.Debug|x64.ActiveCfg = Debug|Any CPU
		{069F145D-9EB8-4636-9662-E4F0418E5263}.Debug|x64.Build.0 = Debug|Any CPU
		{069F145D-9EB8-4636-9662-E4F0418E5263}.Debug|x86.ActiveCfg = Debug|Any CPU
		{069F145D-9EB8-4636-9662-E4F0418E5263}.Debug|x86.Build.0 = Debug|Any CPU
		{069F145D-9EB8-4636-9662-E4F0418E5263}.Release|Any CPU.ActiveCfg = Release|Any CPU
		{069F145D-9EB8-4636-9662-E4F0418E5263}.Release|Any CPU.Build.0 = Release|Any CPU
		{069F145D-9EB8-4636-9662-E4F0418E5263}.Release|x64.ActiveCfg = Release|Any CPU
		{069F145D-9EB8-4636-9662-E4F0418E5263}.Release|x64.Build.0 = Release|Any CPU
		{069F145D-9EB8-4636-9662-E4F0418E5263}.Release|x86.ActiveCfg = Release|Any CPU
		{069F145D-9EB8-4636-9662-E4F0418E5263}.Release|x86.Build.0 = Release|Any CPU
		{BD186647-720B-4ADA-B6DF-2CFD6D0E5ED3}.Debug|Any CPU.ActiveCfg = Debug|Any CPU
		{BD186647-720B-4ADA-B6DF-2CFD6D0E5ED3}.Debug|Any CPU.Build.0 = Debug|Any CPU
		{BD186647-720B-4ADA-B6DF-2CFD6D0E5ED3}.Debug|x64.ActiveCfg = Debug|Any CPU
		{BD186647-720B-4ADA-B6DF-2CFD6D0E5ED3}.Debug|x64.Build.0 = Debug|Any CPU
		{BD186647-720B-4ADA-B6DF-2CFD6D0E5ED3}.Debug|x86.ActiveCfg = Debug|Any CPU
		{BD186647-720B-4ADA-B6DF-2CFD6D0E5ED3}.Debug|x86.Build.0 = Debug|Any CPU
		{BD186647-720B-4ADA-B6DF-2CFD6D0E5ED3}.Release|Any CPU.ActiveCfg = Release|Any CPU
		{BD186647-720B-4ADA-B6DF-2CFD6D0E5ED3}.Release|Any CPU.Build.0 = Release|Any CPU
		{BD186647-720B-4ADA-B6DF-2CFD6D0E5ED3}.Release|x64.ActiveCfg = Release|Any CPU
		{BD186647-720B-4ADA-B6DF-2CFD6D0E5ED3}.Release|x64.Build.0 = Release|Any CPU
		{BD186647-720B-4ADA-B6DF-2CFD6D0E5ED3}.Release|x86.ActiveCfg = Release|Any CPU
		{BD186647-720B-4ADA-B6DF-2CFD6D0E5ED3}.Release|x86.Build.0 = Release|Any CPU
		{C4933AF0-F639-46F3-B72F-269A3004480D}.Debug|Any CPU.ActiveCfg = Debug|Any CPU
		{C4933AF0-F639-46F3-B72F-269A3004480D}.Debug|Any CPU.Build.0 = Debug|Any CPU
		{C4933AF0-F639-46F3-B72F-269A3004480D}.Debug|x64.ActiveCfg = Debug|Any CPU
		{C4933AF0-F639-46F3-B72F-269A3004480D}.Debug|x64.Build.0 = Debug|Any CPU
		{C4933AF0-F639-46F3-B72F-269A3004480D}.Debug|x86.ActiveCfg = Debug|Any CPU
		{C4933AF0-F639-46F3-B72F-269A3004480D}.Debug|x86.Build.0 = Debug|Any CPU
		{C4933AF0-F639-46F3-B72F-269A3004480D}.Release|Any CPU.ActiveCfg = Release|Any CPU
		{C4933AF0-F639-46F3-B72F-269A3004480D}.Release|Any CPU.Build.0 = Release|Any CPU
		{C4933AF0-F639-46F3-B72F-269A3004480D}.Release|x64.ActiveCfg = Release|Any CPU
		{C4933AF0-F639-46F3-B72F-269A3004480D}.Release|x64.Build.0 = Release|Any CPU
		{C4933AF0-F639-46F3-B72F-269A3004480D}.Release|x86.ActiveCfg = Release|Any CPU
		{C4933AF0-F639-46F3-B72F-269A3004480D}.Release|x86.Build.0 = Release|Any CPU
		{68B29F89-0A91-4A6E-8625-F3237CE2785D}.Debug|Any CPU.ActiveCfg = Debug|Any CPU
		{68B29F89-0A91-4A6E-8625-F3237CE2785D}.Debug|Any CPU.Build.0 = Debug|Any CPU
		{68B29F89-0A91-4A6E-8625-F3237CE2785D}.Debug|x64.ActiveCfg = Debug|Any CPU
		{68B29F89-0A91-4A6E-8625-F3237CE2785D}.Debug|x64.Build.0 = Debug|Any CPU
		{68B29F89-0A91-4A6E-8625-F3237CE2785D}.Debug|x86.ActiveCfg = Debug|Any CPU
		{68B29F89-0A91-4A6E-8625-F3237CE2785D}.Debug|x86.Build.0 = Debug|Any CPU
		{68B29F89-0A91-4A6E-8625-F3237CE2785D}.Release|Any CPU.ActiveCfg = Release|Any CPU
		{68B29F89-0A91-4A6E-8625-F3237CE2785D}.Release|Any CPU.Build.0 = Release|Any CPU
		{68B29F89-0A91-4A6E-8625-F3237CE2785D}.Release|x64.ActiveCfg = Release|Any CPU
		{68B29F89-0A91-4A6E-8625-F3237CE2785D}.Release|x64.Build.0 = Release|Any CPU
		{68B29F89-0A91-4A6E-8625-F3237CE2785D}.Release|x86.ActiveCfg = Release|Any CPU
		{68B29F89-0A91-4A6E-8625-F3237CE2785D}.Release|x86.Build.0 = Release|Any CPU
		{79A1D400-8AC9-44AC-ACDF-55875C29D67B}.Debug|Any CPU.ActiveCfg = Debug|Any CPU
		{79A1D400-8AC9-44AC-ACDF-55875C29D67B}.Debug|Any CPU.Build.0 = Debug|Any CPU
		{79A1D400-8AC9-44AC-ACDF-55875C29D67B}.Debug|x64.ActiveCfg = Debug|Any CPU
		{79A1D400-8AC9-44AC-ACDF-55875C29D67B}.Debug|x64.Build.0 = Debug|Any CPU
		{79A1D400-8AC9-44AC-ACDF-55875C29D67B}.Debug|x86.ActiveCfg = Debug|Any CPU
		{79A1D400-8AC9-44AC-ACDF-55875C29D67B}.Debug|x86.Build.0 = Debug|Any CPU
		{79A1D400-8AC9-44AC-ACDF-55875C29D67B}.Release|Any CPU.ActiveCfg = Release|Any CPU
		{79A1D400-8AC9-44AC-ACDF-55875C29D67B}.Release|Any CPU.Build.0 = Release|Any CPU
		{79A1D400-8AC9-44AC-ACDF-55875C29D67B}.Release|x64.ActiveCfg = Release|Any CPU
		{79A1D400-8AC9-44AC-ACDF-55875C29D67B}.Release|x64.Build.0 = Release|Any CPU
		{79A1D400-8AC9-44AC-ACDF-55875C29D67B}.Release|x86.ActiveCfg = Release|Any CPU
		{79A1D400-8AC9-44AC-ACDF-55875C29D67B}.Release|x86.Build.0 = Release|Any CPU
		{2B3DE0DD-7B3C-4F77-8255-D765C7FA51E3}.Debug|Any CPU.ActiveCfg = Debug|Any CPU
		{2B3DE0DD-7B3C-4F77-8255-D765C7FA51E3}.Debug|Any CPU.Build.0 = Debug|Any CPU
		{2B3DE0DD-7B3C-4F77-8255-D765C7FA51E3}.Debug|x64.ActiveCfg = Debug|Any CPU
		{2B3DE0DD-7B3C-4F77-8255-D765C7FA51E3}.Debug|x64.Build.0 = Debug|Any CPU
		{2B3DE0DD-7B3C-4F77-8255-D765C7FA51E3}.Debug|x86.ActiveCfg = Debug|Any CPU
		{2B3DE0DD-7B3C-4F77-8255-D765C7FA51E3}.Debug|x86.Build.0 = Debug|Any CPU
		{2B3DE0DD-7B3C-4F77-8255-D765C7FA51E3}.Release|Any CPU.ActiveCfg = Release|Any CPU
		{2B3DE0DD-7B3C-4F77-8255-D765C7FA51E3}.Release|Any CPU.Build.0 = Release|Any CPU
		{2B3DE0DD-7B3C-4F77-8255-D765C7FA51E3}.Release|x64.ActiveCfg = Release|Any CPU
		{2B3DE0DD-7B3C-4F77-8255-D765C7FA51E3}.Release|x64.Build.0 = Release|Any CPU
		{2B3DE0DD-7B3C-4F77-8255-D765C7FA51E3}.Release|x86.ActiveCfg = Release|Any CPU
		{2B3DE0DD-7B3C-4F77-8255-D765C7FA51E3}.Release|x86.Build.0 = Release|Any CPU
		{45E7C57E-8E48-434B-9E61-6B35F406D498}.Debug|Any CPU.ActiveCfg = Debug|Any CPU
		{45E7C57E-8E48-434B-9E61-6B35F406D498}.Debug|Any CPU.Build.0 = Debug|Any CPU
		{45E7C57E-8E48-434B-9E61-6B35F406D498}.Debug|x64.ActiveCfg = Debug|Any CPU
		{45E7C57E-8E48-434B-9E61-6B35F406D498}.Debug|x64.Build.0 = Debug|Any CPU
		{45E7C57E-8E48-434B-9E61-6B35F406D498}.Debug|x86.ActiveCfg = Debug|Any CPU
		{45E7C57E-8E48-434B-9E61-6B35F406D498}.Debug|x86.Build.0 = Debug|Any CPU
		{45E7C57E-8E48-434B-9E61-6B35F406D498}.Release|Any CPU.ActiveCfg = Release|Any CPU
		{45E7C57E-8E48-434B-9E61-6B35F406D498}.Release|Any CPU.Build.0 = Release|Any CPU
		{45E7C57E-8E48-434B-9E61-6B35F406D498}.Release|x64.ActiveCfg = Release|Any CPU
		{45E7C57E-8E48-434B-9E61-6B35F406D498}.Release|x64.Build.0 = Release|Any CPU
		{45E7C57E-8E48-434B-9E61-6B35F406D498}.Release|x86.ActiveCfg = Release|Any CPU
		{45E7C57E-8E48-434B-9E61-6B35F406D498}.Release|x86.Build.0 = Release|Any CPU
		{DF6ABCE0-135C-45DA-8A0B-483124108689}.Debug|Any CPU.ActiveCfg = Debug|Any CPU
		{DF6ABCE0-135C-45DA-8A0B-483124108689}.Debug|Any CPU.Build.0 = Debug|Any CPU
		{DF6ABCE0-135C-45DA-8A0B-483124108689}.Debug|x64.ActiveCfg = Debug|Any CPU
		{DF6ABCE0-135C-45DA-8A0B-483124108689}.Debug|x64.Build.0 = Debug|Any CPU
		{DF6ABCE0-135C-45DA-8A0B-483124108689}.Debug|x86.ActiveCfg = Debug|Any CPU
		{DF6ABCE0-135C-45DA-8A0B-483124108689}.Debug|x86.Build.0 = Debug|Any CPU
		{DF6ABCE0-135C-45DA-8A0B-483124108689}.Release|Any CPU.ActiveCfg = Release|Any CPU
		{DF6ABCE0-135C-45DA-8A0B-483124108689}.Release|Any CPU.Build.0 = Release|Any CPU
		{DF6ABCE0-135C-45DA-8A0B-483124108689}.Release|x64.ActiveCfg = Release|Any CPU
		{DF6ABCE0-135C-45DA-8A0B-483124108689}.Release|x64.Build.0 = Release|Any CPU
		{DF6ABCE0-135C-45DA-8A0B-483124108689}.Release|x86.ActiveCfg = Release|Any CPU
		{DF6ABCE0-135C-45DA-8A0B-483124108689}.Release|x86.Build.0 = Release|Any CPU
		{01340DA0-6F3F-4B65-BDDF-F407922A326E}.Debug|Any CPU.ActiveCfg = Debug|Any CPU
		{01340DA0-6F3F-4B65-BDDF-F407922A326E}.Debug|Any CPU.Build.0 = Debug|Any CPU
		{01340DA0-6F3F-4B65-BDDF-F407922A326E}.Debug|x64.ActiveCfg = Debug|Any CPU
		{01340DA0-6F3F-4B65-BDDF-F407922A326E}.Debug|x64.Build.0 = Debug|Any CPU
		{01340DA0-6F3F-4B65-BDDF-F407922A326E}.Debug|x86.ActiveCfg = Debug|Any CPU
		{01340DA0-6F3F-4B65-BDDF-F407922A326E}.Debug|x86.Build.0 = Debug|Any CPU
		{01340DA0-6F3F-4B65-BDDF-F407922A326E}.Release|Any CPU.ActiveCfg = Release|Any CPU
		{01340DA0-6F3F-4B65-BDDF-F407922A326E}.Release|Any CPU.Build.0 = Release|Any CPU
		{01340DA0-6F3F-4B65-BDDF-F407922A326E}.Release|x64.ActiveCfg = Release|Any CPU
		{01340DA0-6F3F-4B65-BDDF-F407922A326E}.Release|x64.Build.0 = Release|Any CPU
		{01340DA0-6F3F-4B65-BDDF-F407922A326E}.Release|x86.ActiveCfg = Release|Any CPU
		{01340DA0-6F3F-4B65-BDDF-F407922A326E}.Release|x86.Build.0 = Release|Any CPU
		{00F946E4-BF97-4E9E-A841-E42CF47602CB}.Debug|Any CPU.ActiveCfg = Debug|Any CPU
		{00F946E4-BF97-4E9E-A841-E42CF47602CB}.Debug|Any CPU.Build.0 = Debug|Any CPU
		{00F946E4-BF97-4E9E-A841-E42CF47602CB}.Debug|x64.ActiveCfg = Debug|Any CPU
		{00F946E4-BF97-4E9E-A841-E42CF47602CB}.Debug|x64.Build.0 = Debug|Any CPU
		{00F946E4-BF97-4E9E-A841-E42CF47602CB}.Debug|x86.ActiveCfg = Debug|Any CPU
		{00F946E4-BF97-4E9E-A841-E42CF47602CB}.Debug|x86.Build.0 = Debug|Any CPU
		{00F946E4-BF97-4E9E-A841-E42CF47602CB}.Release|Any CPU.ActiveCfg = Release|Any CPU
		{00F946E4-BF97-4E9E-A841-E42CF47602CB}.Release|Any CPU.Build.0 = Release|Any CPU
		{00F946E4-BF97-4E9E-A841-E42CF47602CB}.Release|x64.ActiveCfg = Release|Any CPU
		{00F946E4-BF97-4E9E-A841-E42CF47602CB}.Release|x64.Build.0 = Release|Any CPU
		{00F946E4-BF97-4E9E-A841-E42CF47602CB}.Release|x86.ActiveCfg = Release|Any CPU
		{00F946E4-BF97-4E9E-A841-E42CF47602CB}.Release|x86.Build.0 = Release|Any CPU
		{498AA244-F262-47E8-93A9-B5B95D3A3DD3}.Debug|Any CPU.ActiveCfg = Debug|Any CPU
		{498AA244-F262-47E8-93A9-B5B95D3A3DD3}.Debug|Any CPU.Build.0 = Debug|Any CPU
		{498AA244-F262-47E8-93A9-B5B95D3A3DD3}.Debug|x64.ActiveCfg = Debug|Any CPU
		{498AA244-F262-47E8-93A9-B5B95D3A3DD3}.Debug|x64.Build.0 = Debug|Any CPU
		{498AA244-F262-47E8-93A9-B5B95D3A3DD3}.Debug|x86.ActiveCfg = Debug|Any CPU
		{498AA244-F262-47E8-93A9-B5B95D3A3DD3}.Debug|x86.Build.0 = Debug|Any CPU
		{498AA244-F262-47E8-93A9-B5B95D3A3DD3}.Release|Any CPU.ActiveCfg = Release|Any CPU
		{498AA244-F262-47E8-93A9-B5B95D3A3DD3}.Release|Any CPU.Build.0 = Release|Any CPU
		{498AA244-F262-47E8-93A9-B5B95D3A3DD3}.Release|x64.ActiveCfg = Release|Any CPU
		{498AA244-F262-47E8-93A9-B5B95D3A3DD3}.Release|x64.Build.0 = Release|Any CPU
		{498AA244-F262-47E8-93A9-B5B95D3A3DD3}.Release|x86.ActiveCfg = Release|Any CPU
		{498AA244-F262-47E8-93A9-B5B95D3A3DD3}.Release|x86.Build.0 = Release|Any CPU
		{F40ABA2F-9AB9-48AC-ABB2-4BE99BC99BB5}.Debug|Any CPU.ActiveCfg = Debug|Any CPU
		{F40ABA2F-9AB9-48AC-ABB2-4BE99BC99BB5}.Debug|Any CPU.Build.0 = Debug|Any CPU
		{F40ABA2F-9AB9-48AC-ABB2-4BE99BC99BB5}.Debug|x64.ActiveCfg = Debug|Any CPU
		{F40ABA2F-9AB9-48AC-ABB2-4BE99BC99BB5}.Debug|x64.Build.0 = Debug|Any CPU
		{F40ABA2F-9AB9-48AC-ABB2-4BE99BC99BB5}.Debug|x86.ActiveCfg = Debug|Any CPU
		{F40ABA2F-9AB9-48AC-ABB2-4BE99BC99BB5}.Debug|x86.Build.0 = Debug|Any CPU
		{F40ABA2F-9AB9-48AC-ABB2-4BE99BC99BB5}.Release|Any CPU.ActiveCfg = Release|Any CPU
		{F40ABA2F-9AB9-48AC-ABB2-4BE99BC99BB5}.Release|Any CPU.Build.0 = Release|Any CPU
		{F40ABA2F-9AB9-48AC-ABB2-4BE99BC99BB5}.Release|x64.ActiveCfg = Release|Any CPU
		{F40ABA2F-9AB9-48AC-ABB2-4BE99BC99BB5}.Release|x64.Build.0 = Release|Any CPU
		{F40ABA2F-9AB9-48AC-ABB2-4BE99BC99BB5}.Release|x86.ActiveCfg = Release|Any CPU
		{F40ABA2F-9AB9-48AC-ABB2-4BE99BC99BB5}.Release|x86.Build.0 = Release|Any CPU
		{DFCD43B3-A042-4307-B5B2-9622591C7C70}.Debug|Any CPU.ActiveCfg = Debug|Any CPU
		{DFCD43B3-A042-4307-B5B2-9622591C7C70}.Debug|Any CPU.Build.0 = Debug|Any CPU
		{DFCD43B3-A042-4307-B5B2-9622591C7C70}.Debug|x64.ActiveCfg = Debug|Any CPU
		{DFCD43B3-A042-4307-B5B2-9622591C7C70}.Debug|x64.Build.0 = Debug|Any CPU
		{DFCD43B3-A042-4307-B5B2-9622591C7C70}.Debug|x86.ActiveCfg = Debug|Any CPU
		{DFCD43B3-A042-4307-B5B2-9622591C7C70}.Debug|x86.Build.0 = Debug|Any CPU
		{DFCD43B3-A042-4307-B5B2-9622591C7C70}.Release|Any CPU.ActiveCfg = Release|Any CPU
		{DFCD43B3-A042-4307-B5B2-9622591C7C70}.Release|Any CPU.Build.0 = Release|Any CPU
		{DFCD43B3-A042-4307-B5B2-9622591C7C70}.Release|x64.ActiveCfg = Release|Any CPU
		{DFCD43B3-A042-4307-B5B2-9622591C7C70}.Release|x64.Build.0 = Release|Any CPU
		{DFCD43B3-A042-4307-B5B2-9622591C7C70}.Release|x86.ActiveCfg = Release|Any CPU
		{DFCD43B3-A042-4307-B5B2-9622591C7C70}.Release|x86.Build.0 = Release|Any CPU
		{50249819-55A6-498F-8A87-9A9C0FBF3A9C}.Debug|Any CPU.ActiveCfg = Debug|Any CPU
		{50249819-55A6-498F-8A87-9A9C0FBF3A9C}.Debug|Any CPU.Build.0 = Debug|Any CPU
		{50249819-55A6-498F-8A87-9A9C0FBF3A9C}.Debug|x64.ActiveCfg = Debug|Any CPU
		{50249819-55A6-498F-8A87-9A9C0FBF3A9C}.Debug|x64.Build.0 = Debug|Any CPU
		{50249819-55A6-498F-8A87-9A9C0FBF3A9C}.Debug|x86.ActiveCfg = Debug|Any CPU
		{50249819-55A6-498F-8A87-9A9C0FBF3A9C}.Debug|x86.Build.0 = Debug|Any CPU
		{50249819-55A6-498F-8A87-9A9C0FBF3A9C}.Release|Any CPU.ActiveCfg = Release|Any CPU
		{50249819-55A6-498F-8A87-9A9C0FBF3A9C}.Release|Any CPU.Build.0 = Release|Any CPU
		{50249819-55A6-498F-8A87-9A9C0FBF3A9C}.Release|x64.ActiveCfg = Release|Any CPU
		{50249819-55A6-498F-8A87-9A9C0FBF3A9C}.Release|x64.Build.0 = Release|Any CPU
		{50249819-55A6-498F-8A87-9A9C0FBF3A9C}.Release|x86.ActiveCfg = Release|Any CPU
		{50249819-55A6-498F-8A87-9A9C0FBF3A9C}.Release|x86.Build.0 = Release|Any CPU
		{D00C8441-2108-416E-94C7-1A8A2C570C83}.Debug|Any CPU.ActiveCfg = Debug|Any CPU
		{D00C8441-2108-416E-94C7-1A8A2C570C83}.Debug|Any CPU.Build.0 = Debug|Any CPU
		{D00C8441-2108-416E-94C7-1A8A2C570C83}.Debug|x64.ActiveCfg = Debug|Any CPU
		{D00C8441-2108-416E-94C7-1A8A2C570C83}.Debug|x64.Build.0 = Debug|Any CPU
		{D00C8441-2108-416E-94C7-1A8A2C570C83}.Debug|x86.ActiveCfg = Debug|Any CPU
		{D00C8441-2108-416E-94C7-1A8A2C570C83}.Debug|x86.Build.0 = Debug|Any CPU
		{D00C8441-2108-416E-94C7-1A8A2C570C83}.Release|Any CPU.ActiveCfg = Release|Any CPU
		{D00C8441-2108-416E-94C7-1A8A2C570C83}.Release|Any CPU.Build.0 = Release|Any CPU
		{D00C8441-2108-416E-94C7-1A8A2C570C83}.Release|x64.ActiveCfg = Release|Any CPU
		{D00C8441-2108-416E-94C7-1A8A2C570C83}.Release|x64.Build.0 = Release|Any CPU
		{D00C8441-2108-416E-94C7-1A8A2C570C83}.Release|x86.ActiveCfg = Release|Any CPU
		{D00C8441-2108-416E-94C7-1A8A2C570C83}.Release|x86.Build.0 = Release|Any CPU
		{88E2BD1C-66F9-4599-B181-055A8628F104}.Debug|Any CPU.ActiveCfg = Debug|Any CPU
		{88E2BD1C-66F9-4599-B181-055A8628F104}.Debug|Any CPU.Build.0 = Debug|Any CPU
		{88E2BD1C-66F9-4599-B181-055A8628F104}.Debug|x64.ActiveCfg = Debug|Any CPU
		{88E2BD1C-66F9-4599-B181-055A8628F104}.Debug|x64.Build.0 = Debug|Any CPU
		{88E2BD1C-66F9-4599-B181-055A8628F104}.Debug|x86.ActiveCfg = Debug|Any CPU
		{88E2BD1C-66F9-4599-B181-055A8628F104}.Debug|x86.Build.0 = Debug|Any CPU
		{88E2BD1C-66F9-4599-B181-055A8628F104}.Release|Any CPU.ActiveCfg = Release|Any CPU
		{88E2BD1C-66F9-4599-B181-055A8628F104}.Release|Any CPU.Build.0 = Release|Any CPU
		{88E2BD1C-66F9-4599-B181-055A8628F104}.Release|x64.ActiveCfg = Release|Any CPU
		{88E2BD1C-66F9-4599-B181-055A8628F104}.Release|x64.Build.0 = Release|Any CPU
		{88E2BD1C-66F9-4599-B181-055A8628F104}.Release|x86.ActiveCfg = Release|Any CPU
		{88E2BD1C-66F9-4599-B181-055A8628F104}.Release|x86.Build.0 = Release|Any CPU
		{0FA36F70-DDE1-4022-991C-632F8AD914BB}.Debug|Any CPU.ActiveCfg = Debug|Any CPU
		{0FA36F70-DDE1-4022-991C-632F8AD914BB}.Debug|Any CPU.Build.0 = Debug|Any CPU
		{0FA36F70-DDE1-4022-991C-632F8AD914BB}.Debug|x64.ActiveCfg = Debug|Any CPU
		{0FA36F70-DDE1-4022-991C-632F8AD914BB}.Debug|x64.Build.0 = Debug|Any CPU
		{0FA36F70-DDE1-4022-991C-632F8AD914BB}.Debug|x86.ActiveCfg = Debug|Any CPU
		{0FA36F70-DDE1-4022-991C-632F8AD914BB}.Debug|x86.Build.0 = Debug|Any CPU
		{0FA36F70-DDE1-4022-991C-632F8AD914BB}.Release|Any CPU.ActiveCfg = Release|Any CPU
		{0FA36F70-DDE1-4022-991C-632F8AD914BB}.Release|Any CPU.Build.0 = Release|Any CPU
		{0FA36F70-DDE1-4022-991C-632F8AD914BB}.Release|x64.ActiveCfg = Release|Any CPU
		{0FA36F70-DDE1-4022-991C-632F8AD914BB}.Release|x64.Build.0 = Release|Any CPU
		{0FA36F70-DDE1-4022-991C-632F8AD914BB}.Release|x86.ActiveCfg = Release|Any CPU
		{0FA36F70-DDE1-4022-991C-632F8AD914BB}.Release|x86.Build.0 = Release|Any CPU
		{D43324DE-8378-4727-B771-DADFDCA5E2F2}.Debug|Any CPU.ActiveCfg = Debug|Any CPU
		{D43324DE-8378-4727-B771-DADFDCA5E2F2}.Debug|Any CPU.Build.0 = Debug|Any CPU
		{D43324DE-8378-4727-B771-DADFDCA5E2F2}.Debug|x64.ActiveCfg = Debug|Any CPU
		{D43324DE-8378-4727-B771-DADFDCA5E2F2}.Debug|x64.Build.0 = Debug|Any CPU
		{D43324DE-8378-4727-B771-DADFDCA5E2F2}.Debug|x86.ActiveCfg = Debug|Any CPU
		{D43324DE-8378-4727-B771-DADFDCA5E2F2}.Debug|x86.Build.0 = Debug|Any CPU
		{D43324DE-8378-4727-B771-DADFDCA5E2F2}.Release|Any CPU.ActiveCfg = Release|Any CPU
		{D43324DE-8378-4727-B771-DADFDCA5E2F2}.Release|Any CPU.Build.0 = Release|Any CPU
		{D43324DE-8378-4727-B771-DADFDCA5E2F2}.Release|x64.ActiveCfg = Release|Any CPU
		{D43324DE-8378-4727-B771-DADFDCA5E2F2}.Release|x64.Build.0 = Release|Any CPU
		{D43324DE-8378-4727-B771-DADFDCA5E2F2}.Release|x86.ActiveCfg = Release|Any CPU
		{D43324DE-8378-4727-B771-DADFDCA5E2F2}.Release|x86.Build.0 = Release|Any CPU
		{7A7D0835-D0CF-4D53-9FC9-8EDB99918148}.Debug|Any CPU.ActiveCfg = Debug|Any CPU
		{7A7D0835-D0CF-4D53-9FC9-8EDB99918148}.Debug|Any CPU.Build.0 = Debug|Any CPU
		{7A7D0835-D0CF-4D53-9FC9-8EDB99918148}.Debug|x64.ActiveCfg = Debug|Any CPU
		{7A7D0835-D0CF-4D53-9FC9-8EDB99918148}.Debug|x64.Build.0 = Debug|Any CPU
		{7A7D0835-D0CF-4D53-9FC9-8EDB99918148}.Debug|x86.ActiveCfg = Debug|Any CPU
		{7A7D0835-D0CF-4D53-9FC9-8EDB99918148}.Debug|x86.Build.0 = Debug|Any CPU
		{7A7D0835-D0CF-4D53-9FC9-8EDB99918148}.Release|Any CPU.ActiveCfg = Release|Any CPU
		{7A7D0835-D0CF-4D53-9FC9-8EDB99918148}.Release|Any CPU.Build.0 = Release|Any CPU
		{7A7D0835-D0CF-4D53-9FC9-8EDB99918148}.Release|x64.ActiveCfg = Release|Any CPU
		{7A7D0835-D0CF-4D53-9FC9-8EDB99918148}.Release|x64.Build.0 = Release|Any CPU
		{7A7D0835-D0CF-4D53-9FC9-8EDB99918148}.Release|x86.ActiveCfg = Release|Any CPU
		{7A7D0835-D0CF-4D53-9FC9-8EDB99918148}.Release|x86.Build.0 = Release|Any CPU
		{E1DC5E0F-69B2-4F31-902E-F3B23CCE1DB7}.Debug|Any CPU.ActiveCfg = Debug|Any CPU
		{E1DC5E0F-69B2-4F31-902E-F3B23CCE1DB7}.Debug|Any CPU.Build.0 = Debug|Any CPU
		{E1DC5E0F-69B2-4F31-902E-F3B23CCE1DB7}.Debug|x64.ActiveCfg = Debug|Any CPU
		{E1DC5E0F-69B2-4F31-902E-F3B23CCE1DB7}.Debug|x64.Build.0 = Debug|Any CPU
		{E1DC5E0F-69B2-4F31-902E-F3B23CCE1DB7}.Debug|x86.ActiveCfg = Debug|Any CPU
		{E1DC5E0F-69B2-4F31-902E-F3B23CCE1DB7}.Debug|x86.Build.0 = Debug|Any CPU
		{E1DC5E0F-69B2-4F31-902E-F3B23CCE1DB7}.Release|Any CPU.ActiveCfg = Release|Any CPU
		{E1DC5E0F-69B2-4F31-902E-F3B23CCE1DB7}.Release|Any CPU.Build.0 = Release|Any CPU
		{E1DC5E0F-69B2-4F31-902E-F3B23CCE1DB7}.Release|x64.ActiveCfg = Release|Any CPU
		{E1DC5E0F-69B2-4F31-902E-F3B23CCE1DB7}.Release|x64.Build.0 = Release|Any CPU
		{E1DC5E0F-69B2-4F31-902E-F3B23CCE1DB7}.Release|x86.ActiveCfg = Release|Any CPU
		{E1DC5E0F-69B2-4F31-902E-F3B23CCE1DB7}.Release|x86.Build.0 = Release|Any CPU
		{5ABFE5DD-C49C-4EE5-B987-3BACF26B0D78}.Debug|Any CPU.ActiveCfg = Debug|Any CPU
		{5ABFE5DD-C49C-4EE5-B987-3BACF26B0D78}.Debug|Any CPU.Build.0 = Debug|Any CPU
		{5ABFE5DD-C49C-4EE5-B987-3BACF26B0D78}.Debug|x64.ActiveCfg = Debug|Any CPU
		{5ABFE5DD-C49C-4EE5-B987-3BACF26B0D78}.Debug|x64.Build.0 = Debug|Any CPU
		{5ABFE5DD-C49C-4EE5-B987-3BACF26B0D78}.Debug|x86.ActiveCfg = Debug|Any CPU
		{5ABFE5DD-C49C-4EE5-B987-3BACF26B0D78}.Debug|x86.Build.0 = Debug|Any CPU
		{5ABFE5DD-C49C-4EE5-B987-3BACF26B0D78}.Release|Any CPU.ActiveCfg = Release|Any CPU
		{5ABFE5DD-C49C-4EE5-B987-3BACF26B0D78}.Release|Any CPU.Build.0 = Release|Any CPU
		{5ABFE5DD-C49C-4EE5-B987-3BACF26B0D78}.Release|x64.ActiveCfg = Release|Any CPU
		{5ABFE5DD-C49C-4EE5-B987-3BACF26B0D78}.Release|x64.Build.0 = Release|Any CPU
		{5ABFE5DD-C49C-4EE5-B987-3BACF26B0D78}.Release|x86.ActiveCfg = Release|Any CPU
		{5ABFE5DD-C49C-4EE5-B987-3BACF26B0D78}.Release|x86.Build.0 = Release|Any CPU
		{D450D3BE-985B-408A-88D1-649AA4A383D0}.Debug|Any CPU.ActiveCfg = Debug|Any CPU
		{D450D3BE-985B-408A-88D1-649AA4A383D0}.Debug|Any CPU.Build.0 = Debug|Any CPU
		{D450D3BE-985B-408A-88D1-649AA4A383D0}.Debug|x64.ActiveCfg = Debug|Any CPU
		{D450D3BE-985B-408A-88D1-649AA4A383D0}.Debug|x64.Build.0 = Debug|Any CPU
		{D450D3BE-985B-408A-88D1-649AA4A383D0}.Debug|x86.ActiveCfg = Debug|Any CPU
		{D450D3BE-985B-408A-88D1-649AA4A383D0}.Debug|x86.Build.0 = Debug|Any CPU
		{D450D3BE-985B-408A-88D1-649AA4A383D0}.Release|Any CPU.ActiveCfg = Release|Any CPU
		{D450D3BE-985B-408A-88D1-649AA4A383D0}.Release|Any CPU.Build.0 = Release|Any CPU
		{D450D3BE-985B-408A-88D1-649AA4A383D0}.Release|x64.ActiveCfg = Release|Any CPU
		{D450D3BE-985B-408A-88D1-649AA4A383D0}.Release|x64.Build.0 = Release|Any CPU
		{D450D3BE-985B-408A-88D1-649AA4A383D0}.Release|x86.ActiveCfg = Release|Any CPU
		{D450D3BE-985B-408A-88D1-649AA4A383D0}.Release|x86.Build.0 = Release|Any CPU
		{85455769-447F-431D-AEAC-74EF748044EC}.Debug|Any CPU.ActiveCfg = Debug|Any CPU
		{85455769-447F-431D-AEAC-74EF748044EC}.Debug|Any CPU.Build.0 = Debug|Any CPU
		{85455769-447F-431D-AEAC-74EF748044EC}.Debug|x64.ActiveCfg = Debug|Any CPU
		{85455769-447F-431D-AEAC-74EF748044EC}.Debug|x64.Build.0 = Debug|Any CPU
		{85455769-447F-431D-AEAC-74EF748044EC}.Debug|x86.ActiveCfg = Debug|Any CPU
		{85455769-447F-431D-AEAC-74EF748044EC}.Debug|x86.Build.0 = Debug|Any CPU
		{85455769-447F-431D-AEAC-74EF748044EC}.Release|Any CPU.ActiveCfg = Release|Any CPU
		{85455769-447F-431D-AEAC-74EF748044EC}.Release|Any CPU.Build.0 = Release|Any CPU
		{85455769-447F-431D-AEAC-74EF748044EC}.Release|x64.ActiveCfg = Release|Any CPU
		{85455769-447F-431D-AEAC-74EF748044EC}.Release|x64.Build.0 = Release|Any CPU
		{85455769-447F-431D-AEAC-74EF748044EC}.Release|x86.ActiveCfg = Release|Any CPU
		{85455769-447F-431D-AEAC-74EF748044EC}.Release|x86.Build.0 = Release|Any CPU
		{9BB4AC4F-2906-46C9-88C0-3B0EBBE4E67C}.Debug|Any CPU.ActiveCfg = Debug|Any CPU
		{9BB4AC4F-2906-46C9-88C0-3B0EBBE4E67C}.Debug|Any CPU.Build.0 = Debug|Any CPU
		{9BB4AC4F-2906-46C9-88C0-3B0EBBE4E67C}.Debug|x64.ActiveCfg = Debug|Any CPU
		{9BB4AC4F-2906-46C9-88C0-3B0EBBE4E67C}.Debug|x64.Build.0 = Debug|Any CPU
		{9BB4AC4F-2906-46C9-88C0-3B0EBBE4E67C}.Debug|x86.ActiveCfg = Debug|Any CPU
		{9BB4AC4F-2906-46C9-88C0-3B0EBBE4E67C}.Debug|x86.Build.0 = Debug|Any CPU
		{9BB4AC4F-2906-46C9-88C0-3B0EBBE4E67C}.Release|Any CPU.ActiveCfg = Release|Any CPU
		{9BB4AC4F-2906-46C9-88C0-3B0EBBE4E67C}.Release|Any CPU.Build.0 = Release|Any CPU
		{9BB4AC4F-2906-46C9-88C0-3B0EBBE4E67C}.Release|x64.ActiveCfg = Release|Any CPU
		{9BB4AC4F-2906-46C9-88C0-3B0EBBE4E67C}.Release|x64.Build.0 = Release|Any CPU
		{9BB4AC4F-2906-46C9-88C0-3B0EBBE4E67C}.Release|x86.ActiveCfg = Release|Any CPU
		{9BB4AC4F-2906-46C9-88C0-3B0EBBE4E67C}.Release|x86.Build.0 = Release|Any CPU
		{7EF31ACF-AB3B-4651-9534-C8BC2B0A6169}.Debug|Any CPU.ActiveCfg = Debug|Any CPU
		{7EF31ACF-AB3B-4651-9534-C8BC2B0A6169}.Debug|Any CPU.Build.0 = Debug|Any CPU
		{7EF31ACF-AB3B-4651-9534-C8BC2B0A6169}.Debug|x64.ActiveCfg = Debug|Any CPU
		{7EF31ACF-AB3B-4651-9534-C8BC2B0A6169}.Debug|x64.Build.0 = Debug|Any CPU
		{7EF31ACF-AB3B-4651-9534-C8BC2B0A6169}.Debug|x86.ActiveCfg = Debug|Any CPU
		{7EF31ACF-AB3B-4651-9534-C8BC2B0A6169}.Debug|x86.Build.0 = Debug|Any CPU
		{7EF31ACF-AB3B-4651-9534-C8BC2B0A6169}.Release|Any CPU.ActiveCfg = Release|Any CPU
		{7EF31ACF-AB3B-4651-9534-C8BC2B0A6169}.Release|Any CPU.Build.0 = Release|Any CPU
		{7EF31ACF-AB3B-4651-9534-C8BC2B0A6169}.Release|x64.ActiveCfg = Release|Any CPU
		{7EF31ACF-AB3B-4651-9534-C8BC2B0A6169}.Release|x64.Build.0 = Release|Any CPU
		{7EF31ACF-AB3B-4651-9534-C8BC2B0A6169}.Release|x86.ActiveCfg = Release|Any CPU
		{7EF31ACF-AB3B-4651-9534-C8BC2B0A6169}.Release|x86.Build.0 = Release|Any CPU
		{48959B17-47B5-42B3-BC72-DE00C343795C}.Debug|Any CPU.ActiveCfg = Debug|Any CPU
		{48959B17-47B5-42B3-BC72-DE00C343795C}.Debug|Any CPU.Build.0 = Debug|Any CPU
		{48959B17-47B5-42B3-BC72-DE00C343795C}.Debug|x64.ActiveCfg = Debug|Any CPU
		{48959B17-47B5-42B3-BC72-DE00C343795C}.Debug|x64.Build.0 = Debug|Any CPU
		{48959B17-47B5-42B3-BC72-DE00C343795C}.Debug|x86.ActiveCfg = Debug|Any CPU
		{48959B17-47B5-42B3-BC72-DE00C343795C}.Debug|x86.Build.0 = Debug|Any CPU
		{48959B17-47B5-42B3-BC72-DE00C343795C}.Release|Any CPU.ActiveCfg = Release|Any CPU
		{48959B17-47B5-42B3-BC72-DE00C343795C}.Release|Any CPU.Build.0 = Release|Any CPU
		{48959B17-47B5-42B3-BC72-DE00C343795C}.Release|x64.ActiveCfg = Release|Any CPU
		{48959B17-47B5-42B3-BC72-DE00C343795C}.Release|x64.Build.0 = Release|Any CPU
		{48959B17-47B5-42B3-BC72-DE00C343795C}.Release|x86.ActiveCfg = Release|Any CPU
		{48959B17-47B5-42B3-BC72-DE00C343795C}.Release|x86.Build.0 = Release|Any CPU
	EndGlobalSection
	GlobalSection(SolutionProperties) = preSolution
		HideSolutionNode = FALSE
	EndGlobalSection
	GlobalSection(NestedProjects) = preSolution
		{069F145D-9EB8-4636-9662-E4F0418E5263} = {03AFEB8B-BAC2-40E9-B9AE-E705890A9938}
		{BD186647-720B-4ADA-B6DF-2CFD6D0E5ED3} = {20356181-C6CA-40FF-85A1-ADD4BF3FDC2E}
		{C4933AF0-F639-46F3-B72F-269A3004480D} = {20356181-C6CA-40FF-85A1-ADD4BF3FDC2E}
		{68B29F89-0A91-4A6E-8625-F3237CE2785D} = {7691AAAF-C68A-4745-A757-B45AED3836E3}
		{79A1D400-8AC9-44AC-ACDF-55875C29D67B} = {DD12CDD1-298B-4D0C-B9B5-B38CD98C0656}
		{2B3DE0DD-7B3C-4F77-8255-D765C7FA51E3} = {A5D1ADDA-D8BF-4F85-93DB-25A0D9C22006}
		{45E7C57E-8E48-434B-9E61-6B35F406D498} = {A5D1ADDA-D8BF-4F85-93DB-25A0D9C22006}
		{DF6ABCE0-135C-45DA-8A0B-483124108689} = {3B919482-9571-406F-A5E9-66F80EC3503C}
		{01340DA0-6F3F-4B65-BDDF-F407922A326E} = {3B919482-9571-406F-A5E9-66F80EC3503C}
		{00F946E4-BF97-4E9E-A841-E42CF47602CB} = {3B919482-9571-406F-A5E9-66F80EC3503C}
		{498AA244-F262-47E8-93A9-B5B95D3A3DD3} = {2BC4F9EA-D165-4CEA-85FF-C0480CA99F55}
		{F40ABA2F-9AB9-48AC-ABB2-4BE99BC99BB5} = {3B919482-9571-406F-A5E9-66F80EC3503C}
		{DFCD43B3-A042-4307-B5B2-9622591C7C70} = {3B919482-9571-406F-A5E9-66F80EC3503C}
		{50249819-55A6-498F-8A87-9A9C0FBF3A9C} = {3B919482-9571-406F-A5E9-66F80EC3503C}
		{D00C8441-2108-416E-94C7-1A8A2C570C83} = {3B919482-9571-406F-A5E9-66F80EC3503C}
		{88E2BD1C-66F9-4599-B181-055A8628F104} = {3B919482-9571-406F-A5E9-66F80EC3503C}
		{0FA36F70-DDE1-4022-991C-632F8AD914BB} = {3B919482-9571-406F-A5E9-66F80EC3503C}
		{D43324DE-8378-4727-B771-DADFDCA5E2F2} = {3B919482-9571-406F-A5E9-66F80EC3503C}
		{7A7D0835-D0CF-4D53-9FC9-8EDB99918148} = {3B919482-9571-406F-A5E9-66F80EC3503C}
		{E1DC5E0F-69B2-4F31-902E-F3B23CCE1DB7} = {3B919482-9571-406F-A5E9-66F80EC3503C}
		{5ABFE5DD-C49C-4EE5-B987-3BACF26B0D78} = {3B919482-9571-406F-A5E9-66F80EC3503C}
		{D450D3BE-985B-408A-88D1-649AA4A383D0} = {3B919482-9571-406F-A5E9-66F80EC3503C}
		{85455769-447F-431D-AEAC-74EF748044EC} = {3B919482-9571-406F-A5E9-66F80EC3503C}
		{9BB4AC4F-2906-46C9-88C0-3B0EBBE4E67C} = {DD12CDD1-298B-4D0C-B9B5-B38CD98C0656}
		{38D10542-679B-4943-BDE8-95D0C7217153} = {A5D1ADDA-D8BF-4F85-93DB-25A0D9C22006}
		{7EF31ACF-AB3B-4651-9534-C8BC2B0A6169} = {38D10542-679B-4943-BDE8-95D0C7217153}
		{48959B17-47B5-42B3-BC72-DE00C343795C} = {38D10542-679B-4943-BDE8-95D0C7217153}
	EndGlobalSection
	GlobalSection(ExtensibilityGlobals) = postSolution
		SolutionGuid = {AEEA7938-9CF0-43F2-9770-2590B4818F6A}
	EndGlobalSection
EndGlobal
